
Microsoft Visual Studio Solution File, Format Version 11.00
# Visual C# Express 2010
Project("{FAE04EC0-301F-11D3-BF4B-00C04F79EFBC}") = "ASC", "ASC\ASC.csproj", "{67FF65DF-063C-4F01-9392-C8D03A92008C}"
EndProject
Global
	GlobalSection(SolutionConfigurationPlatforms) = preSolution
		Debug|Any CPU = Debug|Any CPU
		Release|Any CPU = Release|Any CPU
	EndGlobalSection
	GlobalSection(ProjectConfigurationPlatforms) = postSolution
		{67FF65DF-063C-4F01-9392-C8D03A92008C}.Debug|Any CPU.ActiveCfg = Debug|Any CPU
		{67FF65DF-063C-4F01-9392-C8D03A92008C}.Debug|Any CPU.Build.0 = Debug|Any CPU
		{67FF65DF-063C-4F01-9392-C8D03A92008C}.Release|Any CPU.ActiveCfg = Release|Any CPU
		{67FF65DF-063C-4F01-9392-C8D03A92008C}.Release|Any CPU.Build.0 = Release|Any CPU
	EndGlobalSection
	GlobalSection(SolutionProperties) = preSolution
		HideSolutionNode = FALSE
	EndGlobalSection
EndGlobal
