
Microsoft Visual Studio Solution File, Format Version 11.00
# Visual C# Express 2010
Project("{FAE04EC0-301F-11D3-BF4B-00C04F79EFBC}") = "MatrixVectorForBitmap", "MatrixVectorForBitmap\MatrixVectorForBitmap.csproj", "{73804B7C-A5C7-4488-8C57-45F14DA8D554}"
EndProject
Global
	GlobalSection(SolutionConfigurationPlatforms) = preSolution
		Debug|Any CPU = Debug|Any CPU
		Release|Any CPU = Release|Any CPU
	EndGlobalSection
	GlobalSection(ProjectConfigurationPlatforms) = postSolution
		{73804B7C-A5C7-4488-8C57-45F14DA8D554}.Debug|Any CPU.ActiveCfg = Debug|Any CPU
		{73804B7C-A5C7-4488-8C57-45F14DA8D554}.Debug|Any CPU.Build.0 = Debug|Any CPU
		{73804B7C-A5C7-4488-8C57-45F14DA8D554}.Release|Any CPU.ActiveCfg = Release|Any CPU
		{73804B7C-A5C7-4488-8C57-45F14DA8D554}.Release|Any CPU.Build.0 = Release|Any CPU
	EndGlobalSection
	GlobalSection(SolutionProperties) = preSolution
		HideSolutionNode = FALSE
	EndGlobalSection
EndGlobal
